
Microsoft Visual Studio Solution File, Format Version 10.00
# Visual Studio 2008
Project("{FAE04EC0-301F-11D3-BF4B-00C04F79EFBC}") = "AIOptimization", "AIOptimization\AIOptimization.csproj", "{F99B6A1E-CAC9-4E72-BC8B-B8891090C768}"
EndProject
Global
	GlobalSection(SolutionConfigurationPlatforms) = preSolution
		Debug|Any CPU = Debug|Any CPU
		Release|Any CPU = Release|Any CPU
	EndGlobalSection
	GlobalSection(ProjectConfigurationPlatforms) = postSolution
		{F99B6A1E-CAC9-4E72-BC8B-B8891090C768}.Debug|Any CPU.ActiveCfg = Debug|Any CPU
		{F99B6A1E-CAC9-4E72-BC8B-B8891090C768}.Debug|Any CPU.Build.0 = Debug|Any CPU
		{F99B6A1E-CAC9-4E72-BC8B-B8891090C768}.Release|Any CPU.ActiveCfg = Release|Any CPU
		{F99B6A1E-CAC9-4E72-BC8B-B8891090C768}.Release|Any CPU.Build.0 = Release|Any CPU
	EndGlobalSection
	GlobalSection(SolutionProperties) = preSolution
		HideSolutionNode = FALSE
	EndGlobalSection
EndGlobal
